
Microsoft Visual Studio Solution File, Format Version 12.00
# Visual Studio Version 17
VisualStudioVersion = 17.0.31903.59
MinimumVisualStudioVersion = 10.0.40219.1
Project("{2150E333-8FDC-42A3-9474-1A3956D46DE8}") = "src", "src", "{827E0CD3-B72D-47B6-A68D-7590B98EB39B}"
EndProject
Project("{FAE04EC0-301F-11D3-BF4B-00C04F79EFBC}") = "FundTransfer.Api", "src\FundTransfer.Api\FundTransfer.Api.csproj", "{B245C51F-85C5-4338-8DC6-478DF2A254A4}"
EndProject
Project("{FAE04EC0-301F-11D3-BF4B-00C04F79EFBC}") = "FundTransfer.Application", "src\FundTransfer.Application\FundTransfer.Application.csproj", "{072CED8B-15B7-45AB-9B41-3487664AE2D8}"
EndProject
Project("{FAE04EC0-301F-11D3-BF4B-00C04F79EFBC}") = "FundTransfer.Infrastructure", "src\FundTransfer.Infrastructure\FundTransfer.Infrastructure.csproj", "{6A403D99-0887-4BE8-A1B1-51529694FCA1}"
EndProject
Project("{2150E333-8FDC-42A3-9474-1A3956D46DE8}") = "tests", "tests", "{0AB3BF05-4346-4AA6-1389-037BE0695223}"
EndProject
Project("{FAE04EC0-301F-11D3-BF4B-00C04F79EFBC}") = "FundTransfer.UnitTests", "tests\FundTransfer.UnitTests\FundTransfer.UnitTests.csproj", "{E9F55607-2553-4331-BFA9-CA4687944BDE}"
EndProject
Project("{FAE04EC0-301F-11D3-BF4B-00C04F79EFBC}") = "FundTransfer.IntegrationTests", "tests\FundTransfer.IntegrationTests\FundTransfer.IntegrationTests.csproj", "{2749BFEC-A4FE-464E-BBB3-F609AE84110D}"
EndProject
Project("{FAE04EC0-301F-11D3-BF4B-00C04F79EFBC}") = "FundTransfer.ContractTests", "tests\FundTransfer.ContractTests\FundTransfer.ContractTests.csproj", "{7B015008-788C-4A4D-A223-7ED8883BADFE}"
EndProject
Global
	GlobalSection(SolutionConfigurationPlatforms) = preSolution
		Debug|Any CPU = Debug|Any CPU
		Debug|x64 = Debug|x64
		Debug|x86 = Debug|x86
		Release|Any CPU = Release|Any CPU
		Release|x64 = Release|x64
		Release|x86 = Release|x86
	EndGlobalSection
	GlobalSection(ProjectConfigurationPlatforms) = postSolution
		{B245C51F-85C5-4338-8DC6-478DF2A254A4}.Debug|Any CPU.ActiveCfg = Debug|Any CPU
		{B245C51F-85C5-4338-8DC6-478DF2A254A4}.Debug|Any CPU.Build.0 = Debug|Any CPU
		{B245C51F-85C5-4338-8DC6-478DF2A254A4}.Debug|x64.ActiveCfg = Debug|Any CPU
		{B245C51F-85C5-4338-8DC6-478DF2A254A4}.Debug|x64.Build.0 = Debug|Any CPU
		{B245C51F-85C5-4338-8DC6-478DF2A254A4}.Debug|x86.ActiveCfg = Debug|Any CPU
		{B245C51F-85C5-4338-8DC6-478DF2A254A4}.Debug|x86.Build.0 = Debug|Any CPU
		{B245C51F-85C5-4338-8DC6-478DF2A254A4}.Release|Any CPU.ActiveCfg = Release|Any CPU
		{B245C51F-85C5-4338-8DC6-478DF2A254A4}.Release|Any CPU.Build.0 = Release|Any CPU
		{B245C51F-85C5-4338-8DC6-478DF2A254A4}.Release|x64.ActiveCfg = Release|Any CPU
		{B245C51F-85C5-4338-8DC6-478DF2A254A4}.Release|x64.Build.0 = Release|Any CPU
		{B245C51F-85C5-4338-8DC6-478DF2A254A4}.Release|x86.ActiveCfg = Release|Any CPU
		{B245C51F-85C5-4338-8DC6-478DF2A254A4}.Release|x86.Build.0 = Release|Any CPU
		{072CED8B-15B7-45AB-9B41-3487664AE2D8}.Debug|Any CPU.ActiveCfg = Debug|Any CPU
		{072CED8B-15B7-45AB-9B41-3487664AE2D8}.Debug|Any CPU.Build.0 = Debug|Any CPU
		{072CED8B-15B7-45AB-9B41-3487664AE2D8}.Debug|x64.ActiveCfg = Debug|Any CPU
		{072CED8B-15B7-45AB-9B41-3487664AE2D8}.Debug|x64.Build.0 = Debug|Any CPU
		{072CED8B-15B7-45AB-9B41-3487664AE2D8}.Debug|x86.ActiveCfg = Debug|Any CPU
		{072CED8B-15B7-45AB-9B41-3487664AE2D8}.Debug|x86.Build.0 = Debug|Any CPU
		{072CED8B-15B7-45AB-9B41-3487664AE2D8}.Release|Any CPU.ActiveCfg = Release|Any CPU
		{072CED8B-15B7-45AB-9B41-3487664AE2D8}.Release|Any CPU.Build.0 = Release|Any CPU
		{072CED8B-15B7-45AB-9B41-3487664AE2D8}.Release|x64.ActiveCfg = Release|Any CPU
		{072CED8B-15B7-45AB-9B41-3487664AE2D8}.Release|x64.Build.0 = Release|Any CPU
		{072CED8B-15B7-45AB-9B41-3487664AE2D8}.Release|x86.ActiveCfg = Release|Any CPU
		{072CED8B-15B7-45AB-9B41-3487664AE2D8}.Release|x86.Build.0 = Release|Any CPU
		{6A403D99-0887-4BE8-A1B1-51529694FCA1}.Debug|Any CPU.ActiveCfg = Debug|Any CPU
		{6A403D99-0887-4BE8-A1B1-51529694FCA1}.Debug|Any CPU.Build.0 = Debug|Any CPU
		{6A403D99-0887-4BE8-A1B1-51529694FCA1}.Debug|x64.ActiveCfg = Debug|Any CPU
		{6A403D99-0887-4BE8-A1B1-51529694FCA1}.Debug|x64.Build.0 = Debug|Any CPU
		{6A403D99-0887-4BE8-A1B1-51529694FCA1}.Debug|x86.ActiveCfg = Debug|Any CPU
		{6A403D99-0887-4BE8-A1B1-51529694FCA1}.Debug|x86.Build.0 = Debug|Any CPU
		{6A403D99-0887-4BE8-A1B1-51529694FCA1}.Release|Any CPU.ActiveCfg = Release|Any CPU
		{6A403D99-0887-4BE8-A1B1-51529694FCA1}.Release|Any CPU.Build.0 = Release|Any CPU
		{6A403D99-0887-4BE8-A1B1-51529694FCA1}.Release|x64.ActiveCfg = Release|Any CPU
		{6A403D99-0887-4BE8-A1B1-51529694FCA1}.Release|x64.Build.0 = Release|Any CPU
		{6A403D99-0887-4BE8-A1B1-51529694FCA1}.Release|x86.ActiveCfg = Release|Any CPU
		{6A403D99-0887-4BE8-A1B1-51529694FCA1}.Release|x86.Build.0 = Release|Any CPU
		{E9F55607-2553-4331-BFA9-CA4687944BDE}.Debug|Any CPU.ActiveCfg = Debug|Any CPU
		{E9F55607-2553-4331-BFA9-CA4687944BDE}.Debug|Any CPU.Build.0 = Debug|Any CPU
		{E9F55607-2553-4331-BFA9-CA4687944BDE}.Debug|x64.ActiveCfg = Debug|Any CPU
		{E9F55607-2553-4331-BFA9-CA4687944BDE}.Debug|x64.Build.0 = Debug|Any CPU
		{E9F55607-2553-4331-BFA9-CA4687944BDE}.Debug|x86.ActiveCfg = Debug|Any CPU
		{E9F55607-2553-4331-BFA9-CA4687944BDE}.Debug|x86.Build.0 = Debug|Any CPU
		{E9F55607-2553-4331-BFA9-CA4687944BDE}.Release|Any CPU.ActiveCfg = Release|Any CPU
		{E9F55607-2553-4331-BFA9-CA4687944BDE}.Release|Any CPU.Build.0 = Release|Any CPU
		{E9F55607-2553-4331-BFA9-CA4687944BDE}.Release|x64.ActiveCfg = Release|Any CPU
		{E9F55607-2553-4331-BFA9-CA4687944BDE}.Release|x64.Build.0 = Release|Any CPU
		{E9F55607-2553-4331-BFA9-CA4687944BDE}.Release|x86.ActiveCfg = Release|Any CPU
		{E9F55607-2553-4331-BFA9-CA4687944BDE}.Release|x86.Build.0 = Release|Any CPU
		{2749BFEC-A4FE-464E-BBB3-F609AE84110D}.Debug|Any CPU.ActiveCfg = Debug|Any CPU
		{2749BFEC-A4FE-464E-BBB3-F609AE84110D}.Debug|Any CPU.Build.0 = Debug|Any CPU
		{2749BFEC-A4FE-464E-BBB3-F609AE84110D}.Debug|x64.ActiveCfg = Debug|Any CPU
		{2749BFEC-A4FE-464E-BBB3-F609AE84110D}.Debug|x64.Build.0 = Debug|Any CPU
		{2749BFEC-A4FE-464E-BBB3-F609AE84110D}.Debug|x86.ActiveCfg = Debug|Any CPU
		{2749BFEC-A4FE-464E-BBB3-F609AE84110D}.Debug|x86.Build.0 = Debug|Any CPU
		{2749BFEC-A4FE-464E-BBB3-F609AE84110D}.Release|Any CPU.ActiveCfg = Release|Any CPU
		{2749BFEC-A4FE-464E-BBB3-F609AE84110D}.Release|Any CPU.Build.0 = Release|Any CPU
		{2749BFEC-A4FE-464E-BBB3-F609AE84110D}.Release|x64.ActiveCfg = Release|Any CPU
		{2749BFEC-A4FE-464E-BBB3-F609AE84110D}.Release|x64.Build.0 = Release|Any CPU
		{2749BFEC-A4FE-464E-BBB3-F609AE84110D}.Release|x86.ActiveCfg = Release|Any CPU
		{2749BFEC-A4FE-464E-BBB3-F609AE84110D}.Release|x86.Build.0 = Release|Any CPU
		{7B015008-788C-4A4D-A223-7ED8883BADFE}.Debug|Any CPU.ActiveCfg = Debug|Any CPU
		{7B015008-788C-4A4D-A223-7ED8883BADFE}.Debug|Any CPU.Build.0 = Debug|Any CPU
		{7B015008-788C-4A4D-A223-7ED8883BADFE}.Debug|x64.ActiveCfg = Debug|Any CPU
		{7B015008-788C-4A4D-A223-7ED8883BADFE}.Debug|x64.Build.0 = Debug|Any CPU
		{7B015008-788C-4A4D-A223-7ED8883BADFE}.Debug|x86.ActiveCfg = Debug|Any CPU
		{7B015008-788C-4A4D-A223-7ED8883BADFE}.Debug|x86.Build.0 = Debug|Any CPU
		{7B015008-788C-4A4D-A223-7ED8883BADFE}.Release|Any CPU.ActiveCfg = Release|Any CPU
		{7B015008-788C-4A4D-A223-7ED8883BADFE}.Release|Any CPU.Build.0 = Release|Any CPU
		{7B015008-788C-4A4D-A223-7ED8883BADFE}.Release|x64.ActiveCfg = Release|Any CPU
		{7B015008-788C-4A4D-A223-7ED8883BADFE}.Release|x64.Build.0 = Release|Any CPU
		{7B015008-788C-4A4D-A223-7ED8883BADFE}.Release|x86.ActiveCfg = Release|Any CPU
		{7B015008-788C-4A4D-A223-7ED8883BADFE}.Release|x86.Build.0 = Release|Any CPU
	EndGlobalSection
	GlobalSection(SolutionProperties) = preSolution
		HideSolutionNode = FALSE
	EndGlobalSection
	GlobalSection(NestedProjects) = preSolution
		{B245C51F-85C5-4338-8DC6-478DF2A254A4} = {827E0CD3-B72D-47B6-A68D-7590B98EB39B}
		{072CED8B-15B7-45AB-9B41-3487664AE2D8} = {827E0CD3-B72D-47B6-A68D-7590B98EB39B}
		{6A403D99-0887-4BE8-A1B1-51529694FCA1} = {827E0CD3-B72D-47B6-A68D-7590B98EB39B}
		{E9F55607-2553-4331-BFA9-CA4687944BDE} = {0AB3BF05-4346-4AA6-1389-037BE0695223}
		{2749BFEC-A4FE-464E-BBB3-F609AE84110D} = {0AB3BF05-4346-4AA6-1389-037BE0695223}
		{7B015008-788C-4A4D-A223-7ED8883BADFE} = {0AB3BF05-4346-4AA6-1389-037BE0695223}
	EndGlobalSection
EndGlobal
